// !$*UTF8*$!
{
	archiveVersion = 1;
	classes = {
	};
	objectVersion = 46;
	objects = {

/* Begin PBXBuildFile section */
		765443EE1D9B2A93002AF9C5 /* RNNotification.m in Sources */ = {isa = PBXBuildFile; fileRef = 765443ED1D9B2A93002AF9C5 /* RNNotification.m */; };
		765443EF1D9B2A93002AF9C5 /* RNNotification.h in CopyFiles */ = {isa = PBXBuildFile; fileRef = 765443EC1D9B2A93002AF9C5 /* RNNotification.h */; };
		765443F71D9B32A0002AF9C5 /* Notification.m in Sources */ = {isa = PBXBuildFile; fileRef = 765443F61D9B32A0002AF9C5 /* Notification.m */; };
/* End PBXBuildFile section */

/* Begin PBXCopyFilesBuildPhase section */
		765443E71D9B2A93002AF9C5 /* CopyFiles */ = {
			isa = PBXCopyFilesBuildPhase;
			buildActionMask = 2147483647;
			dstPath = "include/$(PRODUCT_NAME)";
			dstSubfolderSpec = 16;
			files = (
				765443EF1D9B2A93002AF9C5 /* RNNotification.h in CopyFiles */,
			);
			runOnlyForDeploymentPostprocessing = 0;
		};
/* End PBXCopyFilesBuildPhase section */

/* Begin PBXFileReference section */
		765443E91D9B2A93002AF9C5 /* libRNNotification.a */ = {isa = PBXFileReference; explicitFileType = archive.ar; includeInIndex = 0; path = libRNNotification.a; sourceTree = BUILT_PRODUCTS_DIR; };
		765443EC1D9B2A93002AF9C5 /* RNNotification.h */ = {isa = PBXFileReference; lastKnownFileType = sourcecode.c.h; path = RNNotification.h; sourceTree = "<group>"; };
		765443ED1D9B2A93002AF9C5 /* RNNotification.m */ = {isa = PBXFileReference; lastKnownFileType = sourcecode.c.objc; path = RNNotification.m; sourceTree = "<group>"; };
		765443F51D9B3298002AF9C5 /* Notification.h */ = {isa = PBXFileReference; lastKnownFileType = sourcecode.c.h; path = Notification.h; sourceTree = "<group>"; };
		765443F61D9B32A0002AF9C5 /* Notification.m */ = {isa = PBXFileReference; fileEncoding = 4; lastKnownFileType = sourcecode.c.objc; path = Notification.m; sourceTree = "<group>"; };
/* End PBXFileReference section */

/* Begin PBXFrameworksBuildPhase section */
		765443E61D9B2A93002AF9C5 /* Frameworks */ = {
			isa = PBXFrameworksBuildPhase;
			buildActionMask = 2147483647;
			files = (
			);
			runOnlyForDeploymentPostprocessing = 0;
		};
/* End PBXFrameworksBuildPhase section */

/* Begin PBXGroup section */
		765443E01D9B2A93002AF9C5 = {
			isa = PBXGroup;
			children = (
				765443EB1D9B2A93002AF9C5 /* RNNotification */,
				765443EA1D9B2A93002AF9C5 /* Products */,
			);
			sourceTree = "<group>";
		};
		765443EA1D9B2A93002AF9C5 /* Products */ = {
			isa = PBXGroup;
			children = (
				765443E91D9B2A93002AF9C5 /* libRNNotification.a */,
			);
			name = Products;
			sourceTree = "<group>";
		};
		765443EB1D9B2A93002AF9C5 /* RNNotification */ = {
			isa = PBXGroup;
			children = (
				765443EC1D9B2A93002AF9C5 /* RNNotification.h */,
				765443ED1D9B2A93002AF9C5 /* RNNotification.m */,
				765443F51D9B3298002AF9C5 /* Notification.h */,
				765443F61D9B32A0002AF9C5 /* Notification.m */,
			);
			path = RNNotification;
			sourceTree = "<group>";
		};
/* End PBXGroup section */

/* Begin PBXNativeTarget section */
		765443E81D9B2A93002AF9C5 /* RNNotification */ = {
			isa = PBXNativeTarget;
			buildConfigurationList = 765443F21D9B2A93002AF9C5 /* Build configuration list for PBXNativeTarget "RNNotification" */;
			buildPhases = (
				765443E51D9B2A93002AF9C5 /* Sources */,
				765443E61D9B2A93002AF9C5 /* Frameworks */,
				765443E71D9B2A93002AF9C5 /* CopyFiles */,
			);
			buildRules = (
			);
			dependencies = (
			);
			name = RNNotification;
			productName = RNNotification;
			productReference = 765443E91D9B2A93002AF9C5 /* libRNNotification.a */;
			productType = "com.apple.product-type.library.static";
		};
/* End PBXNativeTarget section */

/* Begin PBXProject section */
		765443E11D9B2A93002AF9C5 /* Project object */ = {
			isa = PBXProject;
			attributes = {
				LastUpgradeCheck = 0800;
				ORGANIZATIONNAME = "Ryan Leckey";
				TargetAttributes = {
					765443E81D9B2A93002AF9C5 = {
						CreatedOnToolsVersion = 8.0;
						DevelopmentTeam = B45CT23BDX;
						ProvisioningStyle = Automatic;
					};
				};
			};
			buildConfigurationList = 765443E41D9B2A93002AF9C5 /* Build configuration list for PBXProject "RNNotification" */;
			compatibilityVersion = "Xcode 3.2";
			developmentRegion = English;
			hasScannedForEncodings = 0;
			knownRegions = (
				en,
			);
			mainGroup = 765443E01D9B2A93002AF9C5;
			productRefGroup = 765443EA1D9B2A93002AF9C5 /* Products */;
			projectDirPath = "";
			projectRoot = "";
			targets = (
				765443E81D9B2A93002AF9C5 /* RNNotification */,
			);
		};
/* End PBXProject section */

/* Begin PBXSourcesBuildPhase section */
		765443E51D9B2A93002AF9C5 /* Sources */ = {
			isa = PBXSourcesBuildPhase;
			buildActionMask = 2147483647;
			files = (
				765443F71D9B32A0002AF9C5 /* Notification.m in Sources */,
				765443EE1D9B2A93002AF9C5 /* RNNotification.m in Sources */,
			);
			runOnlyForDeploymentPostprocessing = 0;
		};
/* End PBXSourcesBuildPhase section */

/* Begin XCBuildConfiguration section */
		765443F01D9B2A93002AF9C5 /* Debug */ = {
			isa = XCBuildConfiguration;
			buildSettings = {
				ALWAYS_SEARCH_USER_PATHS = NO;
				CLANG_ANALYZER_NONNULL = YES;
				CLANG_CXX_LANGUAGE_STANDARD = "gnu++0x";
				CLANG_CXX_LIBRARY = "libc++";
				CLANG_ENABLE_MODULES = YES;
				CLANG_ENABLE_OBJC_ARC = YES;
				CLANG_WARN_BOOL_CONVERSION = YES;
				CLANG_WARN_CONSTANT_CONVERSION = YES;
				CLANG_WARN_DIRECT_OBJC_ISA_USAGE = YES_ERROR;
				CLANG_WARN_DOCUMENTATION_COMMENTS = YES;
				CLANG_WARN_EMPTY_BODY = YES;
				CLANG_WARN_ENUM_CONVERSION = YES;
				CLANG_WARN_INFINITE_RECURSION = YES;
				CLANG_WARN_INT_CONVERSION = YES;
				CLANG_WARN_OBJC_ROOT_CLASS = YES_ERROR;
				CLANG_WARN_SUSPICIOUS_MOVES = YES;
				CLANG_WARN_UNREACHABLE_CODE = YES;
				CLANG_WARN__DUPLICATE_METHOD_MATCH = YES;
				"CODE_SIGN_IDENTITY[sdk=iphoneos*]" = "iPhone Developer";
				COPY_PHASE_STRIP = NO;
				DEBUG_INFORMATION_FORMAT = dwarf;
				ENABLE_STRICT_OBJC_MSGSEND = YES;
				ENABLE_TESTABILITY = YES;
				GCC_C_LANGUAGE_STANDARD = gnu99;
				GCC_DYNAMIC_NO_PIC = NO;
				GCC_NO_COMMON_BLOCKS = YES;
				GCC_OPTIMIZATION_LEVEL = 0;
				GCC_PREPROCESSOR_DEFINITIONS = (
					"DEBUG=1",
					"$(inherited)",
				);
				GCC_WARN_64_TO_32_BIT_CONVERSION = YES;
				GCC_WARN_ABOUT_RETURN_TYPE = YES_ERROR;
				GCC_WARN_UNDECLARED_SELECTOR = YES;
				GCC_WARN_UNINITIALIZED_AUTOS = YES_AGGRESSIVE;
				GCC_WARN_UNUSED_FUNCTION = YES;
				GCC_WARN_UNUSED_VARIABLE = YES;
				IPHONEOS_DEPLOYMENT_TARGET = 10.0;
				MTL_ENABLE_DEBUG_INFO = YES;
				ONLY_ACTIVE_ARCH = YES;
				SDKROOT = iphoneos;
			};
			name = Debug;
		};
		765443F11D9B2A93002AF9C5 /* Release */ = {
			isa = XCBuildConfiguration;
			buildSettings = {
				ALWAYS_SEARCH_USER_PATHS = NO;
				CLANG_ANALYZER_NONNULL = YES;
				CLANG_CXX_LANGUAGE_STANDARD = "gnu++0x";
				CLANG_CXX_LIBRARY = "libc++";
				CLANG_ENABLE_MODULES = YES;
				CLANG_ENABLE_OBJC_ARC = YES;
				CLANG_WARN_BOOL_CONVERSION = YES;
				CLANG_WARN_CONSTANT_CONVERSION = YES;
				CLANG_WARN_DIRECT_OBJC_ISA_USAGE = YES_ERROR;
				CLANG_WARN_DOCUMENTATION_COMMENTS = YES;
				CLANG_WARN_EMPTY_BODY = YES;
				CLANG_WARN_ENUM_CONVERSION = YES;
				CLANG_WARN_INFINITE_RECURSION = YES;
				CLANG_WARN_INT_CONVERSION = YES;
				CLANG_WARN_OBJC_ROOT_CLASS = YES_ERROR;
				CLANG_WARN_SUSPICIOUS_MOVES = YES;
				CLANG_WARN_UNREACHABLE_CODE = YES;
				CLANG_WARN__DUPLICATE_METHOD_MATCH = YES;
				"CODE_SIGN_IDENTITY[sdk=iphoneos*]" = "iPhone Developer";
				COPY_PHASE_STRIP = NO;
				DEBUG_INFORMATION_FORMAT = "dwarf-with-dsym";
				ENABLE_NS_ASSERTIONS = NO;
				ENABLE_STRICT_OBJC_MSGSEND = YES;
				GCC_C_LANGUAGE_STANDARD = gnu99;
				GCC_NO_COMMON_BLOCKS = YES;
				GCC_WARN_64_TO_32_BIT_CONVERSION = YES;
				GCC_WARN_ABOUT_RETURN_TYPE = YES_ERROR;
				GCC_WARN_UNDECLARED_SELECTOR = YES;
				GCC_WARN_UNINITIALIZED_AUTOS = YES_AGGRESSIVE;
				GCC_WARN_UNUSED_FUNCTION = YES;
				GCC_WARN_UNUSED_VARIABLE = YES;
				IPHONEOS_DEPLOYMENT_TARGET = 10.0;
				MTL_ENABLE_DEBUG_INFO = NO;
				SDKROOT = iphoneos;
				VALIDATE_PRODUCT = YES;
			};
			name = Release;
		};
		765443F31D9B2A93002AF9C5 /* Debug */ = {
			isa = XCBuildConfiguration;
			buildSettings = {
				CLANG_ALLOW_NON_MODULAR_INCLUDES_IN_FRAMEWORK_MODULES = YES;
				DEVELOPMENT_TEAM = B45CT23BDX;
				FRAMEWORK_SEARCH_PATHS = (
					"$(inherited)",
					"${SRCROOT}/../../../../ios/**",
					"${SRCROOT}/../../../react-native/React/**",
					"${SRCROOT}/../../node_modules/react-native/React/**",
				);
				HEADER_SEARCH_PATHS = (
					"$(inherited)",
					"${SRCROOT}/../../../../ios/**",
					"${SRCROOT}/../../../react-native/React/**",
					"${SRCROOT}/../../node_modules/react-native/React/**",
				);
				OTHER_LDFLAGS = "-ObjC";
				PRODUCT_NAME = "$(TARGET_NAME)";
				SKIP_INSTALL = YES;
			};
			name = Debug;
		};
		765443F41D9B2A93002AF9C5 /* Release */ = {
			isa = XCBuildConfiguration;
			buildSettings = {
				CLANG_ALLOW_NON_MODULAR_INCLUDES_IN_FRAMEWORK_MODULES = YES;
				DEVELOPMENT_TEAM = B45CT23BDX;
				FRAMEWORK_SEARCH_PATHS = (
					"$(inherited)",
					"${SRCROOT}/../../../../ios/**",
					"${SRCROOT}/../../../react-native/React/**",
					"${SRCROOT}/../../node_modules/react-native/React/**",
				);
				HEADER_SEARCH_PATHS = (
					"$(inherited)",
					"${SRCROOT}/../../../../ios/**",
					"${SRCROOT}/../../../react-native/React/**",
					"${SRCROOT}/../../node_modules/react-native/React/**",
				);
				OTHER_LDFLAGS = "-ObjC";
				PRODUCT_NAME = "$(TARGET_NAME)";
				SKIP_INSTALL = YES;
			};
			name = Release;
		};
/* End XCBuildConfiguration section */

/* Begin XCConfigurationList section */
		765443E41D9B2A93002AF9C5 /* Build configuration list for PBXProject "RNNotification" */ = {
			isa = XCConfigurationList;
			buildConfigurations = (
				765443F01D9B2A93002AF9C5 /* Debug */,
				765443F11D9B2A93002AF9C5 /* Release */,
			);
			defaultConfigurationIsVisible = 0;
			defaultConfigurationName = Release;
		};
		765443F21D9B2A93002AF9C5 /* Build configuration list for PBXNativeTarget "RNNotification" */ = {
			isa = XCConfigurationList;
			buildConfigurations = (
				765443F31D9B2A93002AF9C5 /* Debug */,
				765443F41D9B2A93002AF9C5 /* Release */,
			);
			defaultConfigurationIsVisible = 0;
			defaultConfigurationName = Release;
		};
/* End XCConfigurationList section */
	};
	rootObject = 765443E11D9B2A93002AF9C5 /* Project object */;
}
